
Microsoft Visual Studio Solution File, Format Version 12.00
# Visual Studio Version 17
VisualStudioVersion = 17.0.31808.319
MinimumVisualStudioVersion = 10.0.40219.1
Project("{FAE04EC0-301F-11D3-BF4B-00C04F79EFBC}") = "HomeApps", "HomeApps\HomeApps.csproj", "{096D3D97-938D-4073-9C98-3EEFBFB048AB}"
EndProject
Project("{00D1A9C2-B5F0-4AF3-8072-F6C62B433612}") = "HomeDB", "HomeDB\HomeDB.sqlproj", "{C865A1AD-4160-4340-A400-56E7BF0570C9}"
EndProject
Project("{9A19103F-16F7-4668-BE54-9A1E7A4F7556}") = "GroceryStoreAPI", "..\..\GroceryStoreAPI\GroceryStoreAPI\GroceryStoreAPI.csproj", "{0A865BFA-22DC-4633-AAEF-8404541C21D0}"
EndProject
Global
	GlobalSection(SolutionConfigurationPlatforms) = preSolution
		Debug|Any CPU = Debug|Any CPU
		Release|Any CPU = Release|Any CPU
	EndGlobalSection
	GlobalSection(ProjectConfigurationPlatforms) = postSolution
		{096D3D97-938D-4073-9C98-3EEFBFB048AB}.Debug|Any CPU.ActiveCfg = Debug|Any CPU
		{096D3D97-938D-4073-9C98-3EEFBFB048AB}.Debug|Any CPU.Build.0 = Debug|Any CPU
		{096D3D97-938D-4073-9C98-3EEFBFB048AB}.Release|Any CPU.ActiveCfg = Release|Any CPU
		{096D3D97-938D-4073-9C98-3EEFBFB048AB}.Release|Any CPU.Build.0 = Release|Any CPU
		{C865A1AD-4160-4340-A400-56E7BF0570C9}.Debug|Any CPU.ActiveCfg = Debug|Any CPU
		{C865A1AD-4160-4340-A400-56E7BF0570C9}.Debug|Any CPU.Build.0 = Debug|Any CPU
		{C865A1AD-4160-4340-A400-56E7BF0570C9}.Debug|Any CPU.Deploy.0 = Debug|Any CPU
		{C865A1AD-4160-4340-A400-56E7BF0570C9}.Release|Any CPU.ActiveCfg = Release|Any CPU
		{C865A1AD-4160-4340-A400-56E7BF0570C9}.Release|Any CPU.Build.0 = Release|Any CPU
		{C865A1AD-4160-4340-A400-56E7BF0570C9}.Release|Any CPU.Deploy.0 = Release|Any CPU
		{0A865BFA-22DC-4633-AAEF-8404541C21D0}.Debug|Any CPU.ActiveCfg = Debug|Any CPU
		{0A865BFA-22DC-4633-AAEF-8404541C21D0}.Debug|Any CPU.Build.0 = Debug|Any CPU
		{0A865BFA-22DC-4633-AAEF-8404541C21D0}.Release|Any CPU.ActiveCfg = Release|Any CPU
		{0A865BFA-22DC-4633-AAEF-8404541C21D0}.Release|Any CPU.Build.0 = Release|Any CPU
	EndGlobalSection
	GlobalSection(SolutionProperties) = preSolution
		HideSolutionNode = FALSE
	EndGlobalSection
	GlobalSection(ExtensibilityGlobals) = postSolution
		SolutionGuid = {52A98A60-943A-46D8-A623-854E85FA6FC4}
	EndGlobalSection
EndGlobal
